
Microsoft Visual Studio Solution File, Format Version 12.00
# Visual Studio Version 17
VisualStudioVersion = 17.4.33213.308
MinimumVisualStudioVersion = 10.0.40219.1
Project("{9A19103F-16F7-4668-BE54-9A1E7A4F7556}") = "SwapGame_MVC", "SwapGame_MVC\SwapGame_MVC.csproj", "{943BE2C2-2093-4469-8ACD-B5A5CDFC942F}"
EndProject
Project("{9A19103F-16F7-4668-BE54-9A1E7A4F7556}") = "SwapGame_API", "SwapGame_API\SwapGame_API.csproj", "{D44CE003-3B76-42B6-A7D6-111CB991C756}"
EndProject
Project("{2150E333-8FDC-42A3-9474-1A3956D46DE8}") = "Solution Items", "Solution Items", "{CBD1B0CE-3ED9-45F5-840A-C96ACA722EC7}"
	ProjectSection(SolutionItems) = preProject
		.editorconfig = .editorconfig
	EndProjectSection
EndProject
Global
	GlobalSection(SolutionConfigurationPlatforms) = preSolution
		Debug|Any CPU = Debug|Any CPU
		Release|Any CPU = Release|Any CPU
	EndGlobalSection
	GlobalSection(ProjectConfigurationPlatforms) = postSolution
		{943BE2C2-2093-4469-8ACD-B5A5CDFC942F}.Debug|Any CPU.ActiveCfg = Debug|Any CPU
		{943BE2C2-2093-4469-8ACD-B5A5CDFC942F}.Debug|Any CPU.Build.0 = Debug|Any CPU
		{943BE2C2-2093-4469-8ACD-B5A5CDFC942F}.Release|Any CPU.ActiveCfg = Release|Any CPU
		{943BE2C2-2093-4469-8ACD-B5A5CDFC942F}.Release|Any CPU.Build.0 = Release|Any CPU
		{D44CE003-3B76-42B6-A7D6-111CB991C756}.Debug|Any CPU.ActiveCfg = Debug|Any CPU
		{D44CE003-3B76-42B6-A7D6-111CB991C756}.Debug|Any CPU.Build.0 = Debug|Any CPU
		{D44CE003-3B76-42B6-A7D6-111CB991C756}.Release|Any CPU.ActiveCfg = Release|Any CPU
		{D44CE003-3B76-42B6-A7D6-111CB991C756}.Release|Any CPU.Build.0 = Release|Any CPU
	EndGlobalSection
	GlobalSection(SolutionProperties) = preSolution
		HideSolutionNode = FALSE
	EndGlobalSection
	GlobalSection(ExtensibilityGlobals) = postSolution
		SolutionGuid = {F299CD9A-EB74-49A6-A16B-A57633292952}
	EndGlobalSection
EndGlobal
